// !$*UTF8*$!
{
	archiveVersion = 1;
	classes = {
	};
	objectVersion = 50;
	objects = {

/* Begin PBXBuildFile section */
		40FCF3A663A412FC20B9134D /* Pods_OilDreamTest.framework in Frameworks */ = {isa = PBXBuildFile; fileRef = A336E44CF1D8C69254871E5B /* Pods_OilDreamTest.framework */; };
		550EAFD42182E151002BBCE1 /* UIView+Extensions.swift in Sources */ = {isa = PBXBuildFile; fileRef = 550EAFD32182E151002BBCE1 /* UIView+Extensions.swift */; };
		550EAFD62182E6EF002BBCE1 /* GasStationSearchSettingCell.swift in Sources */ = {isa = PBXBuildFile; fileRef = 550EAFD52182E6EF002BBCE1 /* GasStationSearchSettingCell.swift */; };
		550EAFD82182FAE7002BBCE1 /* GasStationSearchModel.swift in Sources */ = {isa = PBXBuildFile; fileRef = 550EAFD72182FAE7002BBCE1 /* GasStationSearchModel.swift */; };
		551073C1218A97FD007B0F96 /* SearchByName.swift in Sources */ = {isa = PBXBuildFile; fileRef = 551073C0218A97FD007B0F96 /* SearchByName.swift */; };
		551073C3218ABB52007B0F96 /* SearchByNameController.swift in Sources */ = {isa = PBXBuildFile; fileRef = 551073C2218ABB52007B0F96 /* SearchByNameController.swift */; };
		551073C5218ABD32007B0F96 /* SearchByNameApi.swift in Sources */ = {isa = PBXBuildFile; fileRef = 551073C4218ABD32007B0F96 /* SearchByNameApi.swift */; };
		5525605D21842DB400BEC674 /* AreaCode.swift in Sources */ = {isa = PBXBuildFile; fileRef = 5525605C21842DB400BEC674 /* AreaCode.swift */; };
		553340ED2178CAFB0056B54D /* ProductCode.swift in Sources */ = {isa = PBXBuildFile; fileRef = 553340EC2178CAFB0056B54D /* ProductCode.swift */; };
		553340EF2178CC0B0056B54D /* AvgSidoPrice.swift in Sources */ = {isa = PBXBuildFile; fileRef = 553340EE2178CC0B0056B54D /* AvgSidoPrice.swift */; };
		553D4703216E179C00CA4B2E /* AvgAllPrice.swift in Sources */ = {isa = PBXBuildFile; fileRef = 553D4702216E179C00CA4B2E /* AvgAllPrice.swift */; };
		556711AD21648F97009B4C52 /* AppDelegate.swift in Sources */ = {isa = PBXBuildFile; fileRef = 556711AC21648F97009B4C52 /* AppDelegate.swift */; };
		556711AF21648F97009B4C52 /* MainViewController.swift in Sources */ = {isa = PBXBuildFile; fileRef = 556711AE21648F97009B4C52 /* MainViewController.swift */; };
		556711B221648F97009B4C52 /* Main.storyboard in Resources */ = {isa = PBXBuildFile; fileRef = 556711B021648F97009B4C52 /* Main.storyboard */; };
		556711B721648F99009B4C52 /* LaunchScreen.storyboard in Resources */ = {isa = PBXBuildFile; fileRef = 556711B521648F99009B4C52 /* LaunchScreen.storyboard */; };
		556711C2216495FC009B4C52 /* SearchViewController.swift in Sources */ = {isa = PBXBuildFile; fileRef = 556711C1216495FC009B4C52 /* SearchViewController.swift */; };
		556711C421649644009B4C52 /* SettingsViewController.swift in Sources */ = {isa = PBXBuildFile; fileRef = 556711C321649644009B4C52 /* SettingsViewController.swift */; };
		556711C621649931009B4C52 /* SettingDetailViewController.swift in Sources */ = {isa = PBXBuildFile; fileRef = 556711C521649931009B4C52 /* SettingDetailViewController.swift */; };
		556711C8216499A6009B4C52 /* AddressSearchViewController.swift in Sources */ = {isa = PBXBuildFile; fileRef = 556711C7216499A6009B4C52 /* AddressSearchViewController.swift */; };
		556711CA216499D1009B4C52 /* HighwaySearchViewController.swift in Sources */ = {isa = PBXBuildFile; fileRef = 556711C9216499D1009B4C52 /* HighwaySearchViewController.swift */; };
		556711CC21649A03009B4C52 /* GasStationListViewController.swift in Sources */ = {isa = PBXBuildFile; fileRef = 556711CB21649A03009B4C52 /* GasStationListViewController.swift */; };
		556711CE21649A4A009B4C52 /* GasStationDetailViewController.swift in Sources */ = {isa = PBXBuildFile; fileRef = 556711CD21649A4A009B4C52 /* GasStationDetailViewController.swift */; };
		556711D021649A92009B4C52 /* BookmarkViewController.swift in Sources */ = {isa = PBXBuildFile; fileRef = 556711CF21649A92009B4C52 /* BookmarkViewController.swift */; };
		556711D321649D54009B4C52 /* UIColor+Theme.swift in Sources */ = {isa = PBXBuildFile; fileRef = 556711D221649D54009B4C52 /* UIColor+Theme.swift */; };
		556C75082171D86200A3D9C2 /* AvgAllPriceHeaderView.swift in Sources */ = {isa = PBXBuildFile; fileRef = 556C75072171D86200A3D9C2 /* AvgAllPriceHeaderView.swift */; };
		556C750A2171ECCC00A3D9C2 /* AvgAllPriceViewController.swift in Sources */ = {isa = PBXBuildFile; fileRef = 556C75092171ECCC00A3D9C2 /* AvgAllPriceViewController.swift */; };
		556C750C2171ED0C00A3D9C2 /* AvgAllPriceViewCell.swift in Sources */ = {isa = PBXBuildFile; fileRef = 556C750B2171ED0C00A3D9C2 /* AvgAllPriceViewCell.swift */; };
		5591B09B216750E3007BCCD2 /* Constants.swift in Sources */ = {isa = PBXBuildFile; fileRef = 5591B09A216750E3007BCCD2 /* Constants.swift */; };
		5591B09E2167568E007BCCD2 /* FeedParser.swift in Sources */ = {isa = PBXBuildFile; fileRef = 5591B09D2167568E007BCCD2 /* FeedParser.swift */; };
		55A1EA222166289F005D6852 /* BottomBarView.swift in Sources */ = {isa = PBXBuildFile; fileRef = 55A1EA212166289F005D6852 /* BottomBarView.swift */; };
		55A1EA24216644A6005D6852 /* Search.swift in Sources */ = {isa = PBXBuildFile; fileRef = 55A1EA23216644A6005D6852 /* Search.swift */; };
		55A1EA2621664861005D6852 /* SearchViewCell.swift in Sources */ = {isa = PBXBuildFile; fileRef = 55A1EA2521664861005D6852 /* SearchViewCell.swift */; };
		55A1EA2821664B67005D6852 /* Assets.xcassets in Resources */ = {isa = PBXBuildFile; fileRef = 55A1EA2721664B67005D6852 /* Assets.xcassets */; };
		55AC7E462186DF8B00E59A4A /* InsetLabel.swift in Sources */ = {isa = PBXBuildFile; fileRef = 55AC7E452186DF8B00E59A4A /* InsetLabel.swift */; };
		55AC7E482186EC2200E59A4A /* AddressCell.swift in Sources */ = {isa = PBXBuildFile; fileRef = 55AC7E472186EC2200E59A4A /* AddressCell.swift */; };
		55AC7E4B2187037800E59A4A /* AvgAllPriceApi.swift in Sources */ = {isa = PBXBuildFile; fileRef = 55AC7E4A2187037800E59A4A /* AvgAllPriceApi.swift */; };
		55CB1F4B218842300048EC67 /* AvgSidoPriceApi.swift in Sources */ = {isa = PBXBuildFile; fileRef = 55CB1F4A218842300048EC67 /* AvgSidoPriceApi.swift */; };
		55CB1F4D218850780048EC67 /* AdministrativeDistrictAvgOilPriceViewController.swift in Sources */ = {isa = PBXBuildFile; fileRef = 55CB1F4C218850780048EC67 /* AdministrativeDistrictAvgOilPriceViewController.swift */; };
		55CB1F4F218865680048EC67 /* GasStationTypeController.swift in Sources */ = {isa = PBXBuildFile; fileRef = 55CB1F4E218865680048EC67 /* GasStationTypeController.swift */; };
		55CB1F51218867070048EC67 /* OilTypeSettingController.swift in Sources */ = {isa = PBXBuildFile; fileRef = 55CB1F50218867070048EC67 /* OilTypeSettingController.swift */; };
		55CB1F532188678A0048EC67 /* BrandSettingController.swift in Sources */ = {isa = PBXBuildFile; fileRef = 55CB1F522188678A0048EC67 /* BrandSettingController.swift */; };
		55CB1F55218867D20048EC67 /* SearchRangeSettingController.swift in Sources */ = {isa = PBXBuildFile; fileRef = 55CB1F54218867D20048EC67 /* SearchRangeSettingController.swift */; };
		55CB1F57218868280048EC67 /* DiscountCreditCardSettingController.swift in Sources */ = {isa = PBXBuildFile; fileRef = 55CB1F56218868280048EC67 /* DiscountCreditCardSettingController.swift */; };
		55CB1F592188738A0048EC67 /* AreaCodeApi.swift in Sources */ = {isa = PBXBuildFile; fileRef = 55CB1F582188738A0048EC67 /* AreaCodeApi.swift */; };
		B582A40A21942C9F00C097FE /* Log.swift in Sources */ = {isa = PBXBuildFile; fileRef = B582A40921942C9F00C097FE /* Log.swift */; };
		B582A40C2194526600C097FE /* AroundAll.swift in Sources */ = {isa = PBXBuildFile; fileRef = B582A40B2194526600C097FE /* AroundAll.swift */; };
		B582A40E2194594300C097FE /* AroundAllApi.swift in Sources */ = {isa = PBXBuildFile; fileRef = B582A40D2194594300C097FE /* AroundAllApi.swift */; };
/* End PBXBuildFile section */

/* Begin PBXFileReference section */
		550EAFD32182E151002BBCE1 /* UIView+Extensions.swift */ = {isa = PBXFileReference; lastKnownFileType = sourcecode.swift; path = "UIView+Extensions.swift"; sourceTree = "<group>"; };
		550EAFD52182E6EF002BBCE1 /* GasStationSearchSettingCell.swift */ = {isa = PBXFileReference; lastKnownFileType = sourcecode.swift; path = GasStationSearchSettingCell.swift; sourceTree = "<group>"; };
		550EAFD72182FAE7002BBCE1 /* GasStationSearchModel.swift */ = {isa = PBXFileReference; lastKnownFileType = sourcecode.swift; path = GasStationSearchModel.swift; sourceTree = "<group>"; };
		551073C0218A97FD007B0F96 /* SearchByName.swift */ = {isa = PBXFileReference; lastKnownFileType = sourcecode.swift; path = SearchByName.swift; sourceTree = "<group>"; };
		551073C2218ABB52007B0F96 /* SearchByNameController.swift */ = {isa = PBXFileReference; lastKnownFileType = sourcecode.swift; path = SearchByNameController.swift; sourceTree = "<group>"; };
		551073C4218ABD32007B0F96 /* SearchByNameApi.swift */ = {isa = PBXFileReference; lastKnownFileType = sourcecode.swift; path = SearchByNameApi.swift; sourceTree = "<group>"; };
		5525605C21842DB400BEC674 /* AreaCode.swift */ = {isa = PBXFileReference; lastKnownFileType = sourcecode.swift; path = AreaCode.swift; sourceTree = "<group>"; };
		553340EC2178CAFB0056B54D /* ProductCode.swift */ = {isa = PBXFileReference; lastKnownFileType = sourcecode.swift; path = ProductCode.swift; sourceTree = "<group>"; };
		553340EE2178CC0B0056B54D /* AvgSidoPrice.swift */ = {isa = PBXFileReference; lastKnownFileType = sourcecode.swift; path = AvgSidoPrice.swift; sourceTree = "<group>"; };
		553D4702216E179C00CA4B2E /* AvgAllPrice.swift */ = {isa = PBXFileReference; lastKnownFileType = sourcecode.swift; path = AvgAllPrice.swift; sourceTree = "<group>"; };
		556711A921648F97009B4C52 /* OilDreamTest.app */ = {isa = PBXFileReference; explicitFileType = wrapper.application; includeInIndex = 0; path = OilDreamTest.app; sourceTree = BUILT_PRODUCTS_DIR; };
		556711AC21648F97009B4C52 /* AppDelegate.swift */ = {isa = PBXFileReference; lastKnownFileType = sourcecode.swift; path = AppDelegate.swift; sourceTree = "<group>"; };
		556711AE21648F97009B4C52 /* MainViewController.swift */ = {isa = PBXFileReference; lastKnownFileType = sourcecode.swift; path = MainViewController.swift; sourceTree = "<group>"; };
		556711B121648F97009B4C52 /* Base */ = {isa = PBXFileReference; lastKnownFileType = file.storyboard; name = Base; path = Base.lproj/Main.storyboard; sourceTree = "<group>"; };
		556711B621648F99009B4C52 /* Base */ = {isa = PBXFileReference; lastKnownFileType = file.storyboard; name = Base; path = Base.lproj/LaunchScreen.storyboard; sourceTree = "<group>"; };
		556711B821648F99009B4C52 /* Info.plist */ = {isa = PBXFileReference; lastKnownFileType = text.plist.xml; path = Info.plist; sourceTree = "<group>"; };
		556711C1216495FC009B4C52 /* SearchViewController.swift */ = {isa = PBXFileReference; lastKnownFileType = sourcecode.swift; path = SearchViewController.swift; sourceTree = "<group>"; };
		556711C321649644009B4C52 /* SettingsViewController.swift */ = {isa = PBXFileReference; lastKnownFileType = sourcecode.swift; path = SettingsViewController.swift; sourceTree = "<group>"; };
		556711C521649931009B4C52 /* SettingDetailViewController.swift */ = {isa = PBXFileReference; lastKnownFileType = sourcecode.swift; path = SettingDetailViewController.swift; sourceTree = "<group>"; };
		556711C7216499A6009B4C52 /* AddressSearchViewController.swift */ = {isa = PBXFileReference; lastKnownFileType = sourcecode.swift; path = AddressSearchViewController.swift; sourceTree = "<group>"; };
		556711C9216499D1009B4C52 /* HighwaySearchViewController.swift */ = {isa = PBXFileReference; lastKnownFileType = sourcecode.swift; path = HighwaySearchViewController.swift; sourceTree = "<group>"; };
		556711CB21649A03009B4C52 /* GasStationListViewController.swift */ = {isa = PBXFileReference; lastKnownFileType = sourcecode.swift; path = GasStationListViewController.swift; sourceTree = "<group>"; };
		556711CD21649A4A009B4C52 /* GasStationDetailViewController.swift */ = {isa = PBXFileReference; lastKnownFileType = sourcecode.swift; path = GasStationDetailViewController.swift; sourceTree = "<group>"; };
		556711CF21649A92009B4C52 /* BookmarkViewController.swift */ = {isa = PBXFileReference; lastKnownFileType = sourcecode.swift; path = BookmarkViewController.swift; sourceTree = "<group>"; };
		556711D221649D54009B4C52 /* UIColor+Theme.swift */ = {isa = PBXFileReference; lastKnownFileType = sourcecode.swift; path = "UIColor+Theme.swift"; sourceTree = "<group>"; };
		556C75072171D86200A3D9C2 /* AvgAllPriceHeaderView.swift */ = {isa = PBXFileReference; lastKnownFileType = sourcecode.swift; path = AvgAllPriceHeaderView.swift; sourceTree = "<group>"; };
		556C75092171ECCC00A3D9C2 /* AvgAllPriceViewController.swift */ = {isa = PBXFileReference; lastKnownFileType = sourcecode.swift; path = AvgAllPriceViewController.swift; sourceTree = "<group>"; };
		556C750B2171ED0C00A3D9C2 /* AvgAllPriceViewCell.swift */ = {isa = PBXFileReference; lastKnownFileType = sourcecode.swift; path = AvgAllPriceViewCell.swift; sourceTree = "<group>"; };
		5591B09A216750E3007BCCD2 /* Constants.swift */ = {isa = PBXFileReference; lastKnownFileType = sourcecode.swift; path = Constants.swift; sourceTree = "<group>"; };
		5591B09D2167568E007BCCD2 /* FeedParser.swift */ = {isa = PBXFileReference; lastKnownFileType = sourcecode.swift; path = FeedParser.swift; sourceTree = "<group>"; };
		55A1EA212166289F005D6852 /* BottomBarView.swift */ = {isa = PBXFileReference; lastKnownFileType = sourcecode.swift; path = BottomBarView.swift; sourceTree = "<group>"; };
		55A1EA23216644A6005D6852 /* Search.swift */ = {isa = PBXFileReference; lastKnownFileType = sourcecode.swift; path = Search.swift; sourceTree = "<group>"; };
		55A1EA2521664861005D6852 /* SearchViewCell.swift */ = {isa = PBXFileReference; lastKnownFileType = sourcecode.swift; path = SearchViewCell.swift; sourceTree = "<group>"; };
		55A1EA2721664B67005D6852 /* Assets.xcassets */ = {isa = PBXFileReference; lastKnownFileType = folder.assetcatalog; path = Assets.xcassets; sourceTree = "<group>"; };
		55AC7E452186DF8B00E59A4A /* InsetLabel.swift */ = {isa = PBXFileReference; lastKnownFileType = sourcecode.swift; path = InsetLabel.swift; sourceTree = "<group>"; };
		55AC7E472186EC2200E59A4A /* AddressCell.swift */ = {isa = PBXFileReference; lastKnownFileType = sourcecode.swift; path = AddressCell.swift; sourceTree = "<group>"; };
		55AC7E4A2187037800E59A4A /* AvgAllPriceApi.swift */ = {isa = PBXFileReference; lastKnownFileType = sourcecode.swift; path = AvgAllPriceApi.swift; sourceTree = "<group>"; };
		55CB1F4A218842300048EC67 /* AvgSidoPriceApi.swift */ = {isa = PBXFileReference; lastKnownFileType = sourcecode.swift; path = AvgSidoPriceApi.swift; sourceTree = "<group>"; };
		55CB1F4C218850780048EC67 /* AdministrativeDistrictAvgOilPriceViewController.swift */ = {isa = PBXFileReference; lastKnownFileType = sourcecode.swift; path = AdministrativeDistrictAvgOilPriceViewController.swift; sourceTree = "<group>"; };
		55CB1F4E218865680048EC67 /* GasStationTypeController.swift */ = {isa = PBXFileReference; lastKnownFileType = sourcecode.swift; path = GasStationTypeController.swift; sourceTree = "<group>"; };
		55CB1F50218867070048EC67 /* OilTypeSettingController.swift */ = {isa = PBXFileReference; lastKnownFileType = sourcecode.swift; path = OilTypeSettingController.swift; sourceTree = "<group>"; };
		55CB1F522188678A0048EC67 /* BrandSettingController.swift */ = {isa = PBXFileReference; lastKnownFileType = sourcecode.swift; path = BrandSettingController.swift; sourceTree = "<group>"; };
		55CB1F54218867D20048EC67 /* SearchRangeSettingController.swift */ = {isa = PBXFileReference; lastKnownFileType = sourcecode.swift; path = SearchRangeSettingController.swift; sourceTree = "<group>"; };
		55CB1F56218868280048EC67 /* DiscountCreditCardSettingController.swift */ = {isa = PBXFileReference; lastKnownFileType = sourcecode.swift; path = DiscountCreditCardSettingController.swift; sourceTree = "<group>"; };
		55CB1F582188738A0048EC67 /* AreaCodeApi.swift */ = {isa = PBXFileReference; lastKnownFileType = sourcecode.swift; path = AreaCodeApi.swift; sourceTree = "<group>"; };
		A336E44CF1D8C69254871E5B /* Pods_OilDreamTest.framework */ = {isa = PBXFileReference; explicitFileType = wrapper.framework; includeInIndex = 0; path = Pods_OilDreamTest.framework; sourceTree = BUILT_PRODUCTS_DIR; };
		B582A40921942C9F00C097FE /* Log.swift */ = {isa = PBXFileReference; lastKnownFileType = sourcecode.swift; path = Log.swift; sourceTree = "<group>"; };
		B582A40B2194526600C097FE /* AroundAll.swift */ = {isa = PBXFileReference; lastKnownFileType = sourcecode.swift; path = AroundAll.swift; sourceTree = "<group>"; };
		B582A40D2194594300C097FE /* AroundAllApi.swift */ = {isa = PBXFileReference; lastKnownFileType = sourcecode.swift; path = AroundAllApi.swift; sourceTree = "<group>"; };
		BC1C3E5E3D1FF4F012720258 /* Pods-OilDreamTest.release.xcconfig */ = {isa = PBXFileReference; includeInIndex = 1; lastKnownFileType = text.xcconfig; name = "Pods-OilDreamTest.release.xcconfig"; path = "Pods/Target Support Files/Pods-OilDreamTest/Pods-OilDreamTest.release.xcconfig"; sourceTree = "<group>"; };
		BFE025BE57494870492DC777 /* Pods-OilDreamTest.debug.xcconfig */ = {isa = PBXFileReference; includeInIndex = 1; lastKnownFileType = text.xcconfig; name = "Pods-OilDreamTest.debug.xcconfig"; path = "Pods/Target Support Files/Pods-OilDreamTest/Pods-OilDreamTest.debug.xcconfig"; sourceTree = "<group>"; };
/* End PBXFileReference section */

/* Begin PBXFrameworksBuildPhase section */
		556711A621648F97009B4C52 /* Frameworks */ = {
			isa = PBXFrameworksBuildPhase;
			buildActionMask = 2147483647;
			files = (
				40FCF3A663A412FC20B9134D /* Pods_OilDreamTest.framework in Frameworks */,
			);
			runOnlyForDeploymentPostprocessing = 0;
		};
/* End PBXFrameworksBuildPhase section */

/* Begin PBXGroup section */
		550EAFD22182E136002BBCE1 /* Extensions */ = {
			isa = PBXGroup;
			children = (
				550EAFD32182E151002BBCE1 /* UIView+Extensions.swift */,
				B582A40921942C9F00C097FE /* Log.swift */,
			);
			path = Extensions;
			sourceTree = "<group>";
		};
		556711A021648F97009B4C52 = {
			isa = PBXGroup;
			children = (
				556711AB21648F97009B4C52 /* OilDreamTest */,
				556711AA21648F97009B4C52 /* Products */,
				B3454EF27CE0D95F6D43069D /* Pods */,
				C0E50704C3A31C70CAF71481 /* Frameworks */,
			);
			sourceTree = "<group>";
		};
		556711AA21648F97009B4C52 /* Products */ = {
			isa = PBXGroup;
			children = (
				556711A921648F97009B4C52 /* OilDreamTest.app */,
			);
			name = Products;
			sourceTree = "<group>";
		};
		556711AB21648F97009B4C52 /* OilDreamTest */ = {
			isa = PBXGroup;
			children = (
				556711AC21648F97009B4C52 /* AppDelegate.swift */,
				556711B021648F97009B4C52 /* Main.storyboard */,
				556711C021649594009B4C52 /* Model */,
				556711BF21649589009B4C52 /* Views */,
				556711BE2164957E009B4C52 /* Controllers */,
				556711D121649D1B009B4C52 /* Utilities */,
				55AC7E492187036200E59A4A /* Services */,
				550EAFD22182E136002BBCE1 /* Extensions */,
				5591B09C21675676007BCCD2 /* Helper */,
				556711B821648F99009B4C52 /* Info.plist */,
				55A1EA2721664B67005D6852 /* Assets.xcassets */,
				556711B521648F99009B4C52 /* LaunchScreen.storyboard */,
			);
			path = OilDreamTest;
			sourceTree = "<group>";
		};
		556711BE2164957E009B4C52 /* Controllers */ = {
			isa = PBXGroup;
			children = (
				556711AE21648F97009B4C52 /* MainViewController.swift */,
				556711C1216495FC009B4C52 /* SearchViewController.swift */,
				556711C321649644009B4C52 /* SettingsViewController.swift */,
				556711C521649931009B4C52 /* SettingDetailViewController.swift */,
				556711C7216499A6009B4C52 /* AddressSearchViewController.swift */,
				556711C9216499D1009B4C52 /* HighwaySearchViewController.swift */,
				556711CB21649A03009B4C52 /* GasStationListViewController.swift */,
				556711CD21649A4A009B4C52 /* GasStationDetailViewController.swift */,
				556711CF21649A92009B4C52 /* BookmarkViewController.swift */,
				556C75092171ECCC00A3D9C2 /* AvgAllPriceViewController.swift */,
				55CB1F4C218850780048EC67 /* AdministrativeDistrictAvgOilPriceViewController.swift */,
				55CB1F4E218865680048EC67 /* GasStationTypeController.swift */,
				55CB1F50218867070048EC67 /* OilTypeSettingController.swift */,
				55CB1F522188678A0048EC67 /* BrandSettingController.swift */,
				55CB1F54218867D20048EC67 /* SearchRangeSettingController.swift */,
				55CB1F56218868280048EC67 /* DiscountCreditCardSettingController.swift */,
				551073C2218ABB52007B0F96 /* SearchByNameController.swift */,
			);
			path = Controllers;
			sourceTree = "<group>";
		};
		556711BF21649589009B4C52 /* Views */ = {
			isa = PBXGroup;
			children = (
				55AC7E452186DF8B00E59A4A /* InsetLabel.swift */,
				55A1EA212166289F005D6852 /* BottomBarView.swift */,
				55A1EA2521664861005D6852 /* SearchViewCell.swift */,
				556C75072171D86200A3D9C2 /* AvgAllPriceHeaderView.swift */,
				556C750B2171ED0C00A3D9C2 /* AvgAllPriceViewCell.swift */,
				550EAFD52182E6EF002BBCE1 /* GasStationSearchSettingCell.swift */,
				55AC7E472186EC2200E59A4A /* AddressCell.swift */,
			);
			path = Views;
			sourceTree = "<group>";
		};
		556711C021649594009B4C52 /* Model */ = {
			isa = PBXGroup;
			children = (
				55A1EA23216644A6005D6852 /* Search.swift */,
				553D4702216E179C00CA4B2E /* AvgAllPrice.swift */,
				553340EE2178CC0B0056B54D /* AvgSidoPrice.swift */,
				553340EC2178CAFB0056B54D /* ProductCode.swift */,
				550EAFD72182FAE7002BBCE1 /* GasStationSearchModel.swift */,
				5525605C21842DB400BEC674 /* AreaCode.swift */,
				551073C0218A97FD007B0F96 /* SearchByName.swift */,
				B582A40B2194526600C097FE /* AroundAll.swift */,
			);
			path = Model;
			sourceTree = "<group>";
		};
		556711D121649D1B009B4C52 /* Utilities */ = {
			isa = PBXGroup;
			children = (
				556711D221649D54009B4C52 /* UIColor+Theme.swift */,
				5591B09A216750E3007BCCD2 /* Constants.swift */,
			);
			path = Utilities;
			sourceTree = "<group>";
		};
		5591B09C21675676007BCCD2 /* Helper */ = {
			isa = PBXGroup;
			children = (
				5591B09D2167568E007BCCD2 /* FeedParser.swift */,
			);
			path = Helper;
			sourceTree = "<group>";
		};
		55AC7E492187036200E59A4A /* Services */ = {
			isa = PBXGroup;
			children = (
				55AC7E4A2187037800E59A4A /* AvgAllPriceApi.swift */,
				55CB1F4A218842300048EC67 /* AvgSidoPriceApi.swift */,
				55CB1F582188738A0048EC67 /* AreaCodeApi.swift */,
				551073C4218ABD32007B0F96 /* SearchByNameApi.swift */,
				B582A40D2194594300C097FE /* AroundAllApi.swift */,
			);
			path = Services;
			sourceTree = "<group>";
		};
		B3454EF27CE0D95F6D43069D /* Pods */ = {
			isa = PBXGroup;
			children = (
				BFE025BE57494870492DC777 /* Pods-OilDreamTest.debug.xcconfig */,
				BC1C3E5E3D1FF4F012720258 /* Pods-OilDreamTest.release.xcconfig */,
			);
			name = Pods;
			sourceTree = "<group>";
		};
		C0E50704C3A31C70CAF71481 /* Frameworks */ = {
			isa = PBXGroup;
			children = (
				A336E44CF1D8C69254871E5B /* Pods_OilDreamTest.framework */,
			);
			name = Frameworks;
			sourceTree = "<group>";
		};
/* End PBXGroup section */

/* Begin PBXNativeTarget section */
		556711A821648F97009B4C52 /* OilDreamTest */ = {
			isa = PBXNativeTarget;
			buildConfigurationList = 556711BB21648F99009B4C52 /* Build configuration list for PBXNativeTarget "OilDreamTest" */;
			buildPhases = (
				C04F6A0F0E75B851735FF71C /* [CP] Check Pods Manifest.lock */,
				556711A521648F97009B4C52 /* Sources */,
				556711A621648F97009B4C52 /* Frameworks */,
				556711A721648F97009B4C52 /* Resources */,
				601AF3DAE3C2BA9BA92D0D74 /* [CP] Embed Pods Frameworks */,
			);
			buildRules = (
			);
			dependencies = (
			);
			name = OilDreamTest;
			productName = OilDreamTest;
			productReference = 556711A921648F97009B4C52 /* OilDreamTest.app */;
			productType = "com.apple.product-type.application";
		};
/* End PBXNativeTarget section */

/* Begin PBXProject section */
		556711A121648F97009B4C52 /* Project object */ = {
			isa = PBXProject;
			attributes = {
				LastSwiftUpdateCheck = 1000;
				LastUpgradeCheck = 1000;
				ORGANIZATIONNAME = dave;
				TargetAttributes = {
					556711A821648F97009B4C52 = {
						CreatedOnToolsVersion = 10.0;
					};
				};
			};
			buildConfigurationList = 556711A421648F97009B4C52 /* Build configuration list for PBXProject "OilDreamTest" */;
			compatibilityVersion = "Xcode 9.3";
			developmentRegion = en;
			hasScannedForEncodings = 0;
			knownRegions = (
				en,
				Base,
			);
			mainGroup = 556711A021648F97009B4C52;
			productRefGroup = 556711AA21648F97009B4C52 /* Products */;
			projectDirPath = "";
			projectRoot = "";
			targets = (
				556711A821648F97009B4C52 /* OilDreamTest */,
			);
		};
/* End PBXProject section */

/* Begin PBXResourcesBuildPhase section */
		556711A721648F97009B4C52 /* Resources */ = {
			isa = PBXResourcesBuildPhase;
			buildActionMask = 2147483647;
			files = (
				556711B721648F99009B4C52 /* LaunchScreen.storyboard in Resources */,
				556711B221648F97009B4C52 /* Main.storyboard in Resources */,
				55A1EA2821664B67005D6852 /* Assets.xcassets in Resources */,
			);
			runOnlyForDeploymentPostprocessing = 0;
		};
/* End PBXResourcesBuildPhase section */

/* Begin PBXShellScriptBuildPhase section */
		601AF3DAE3C2BA9BA92D0D74 /* [CP] Embed Pods Frameworks */ = {
			isa = PBXShellScriptBuildPhase;
			buildActionMask = 2147483647;
			files = (
			);
			inputPaths = (
				"${SRCROOT}/Pods/Target Support Files/Pods-OilDreamTest/Pods-OilDreamTest-frameworks.sh",
				"${BUILT_PRODUCTS_DIR}/Alamofire/Alamofire.framework",
			);
			name = "[CP] Embed Pods Frameworks";
			outputPaths = (
				"${TARGET_BUILD_DIR}/${FRAMEWORKS_FOLDER_PATH}/Alamofire.framework",
			);
			runOnlyForDeploymentPostprocessing = 0;
			shellPath = /bin/sh;
			shellScript = "\"${SRCROOT}/Pods/Target Support Files/Pods-OilDreamTest/Pods-OilDreamTest-frameworks.sh\"\n";
			showEnvVarsInLog = 0;
		};
		C04F6A0F0E75B851735FF71C /* [CP] Check Pods Manifest.lock */ = {
			isa = PBXShellScriptBuildPhase;
			buildActionMask = 2147483647;
			files = (
			);
			inputPaths = (
				"${PODS_PODFILE_DIR_PATH}/Podfile.lock",
				"${PODS_ROOT}/Manifest.lock",
			);
			name = "[CP] Check Pods Manifest.lock";
			outputPaths = (
				"$(DERIVED_FILE_DIR)/Pods-OilDreamTest-checkManifestLockResult.txt",
			);
			runOnlyForDeploymentPostprocessing = 0;
			shellPath = /bin/sh;
			shellScript = "diff \"${PODS_PODFILE_DIR_PATH}/Podfile.lock\" \"${PODS_ROOT}/Manifest.lock\" > /dev/null\nif [ $? != 0 ] ; then\n    # print error to STDERR\n    echo \"error: The sandbox is not in sync with the Podfile.lock. Run 'pod install' or update your CocoaPods installation.\" >&2\n    exit 1\nfi\n# This output is used by Xcode 'outputs' to avoid re-running this script phase.\necho \"SUCCESS\" > \"${SCRIPT_OUTPUT_FILE_0}\"\n";
			showEnvVarsInLog = 0;
		};
/* End PBXShellScriptBuildPhase section */

/* Begin PBXSourcesBuildPhase section */
		556711A521648F97009B4C52 /* Sources */ = {
			isa = PBXSourcesBuildPhase;
			buildActionMask = 2147483647;
			files = (
				553340ED2178CAFB0056B54D /* ProductCode.swift in Sources */,
				55AC7E462186DF8B00E59A4A /* InsetLabel.swift in Sources */,
				55A1EA24216644A6005D6852 /* Search.swift in Sources */,
				550EAFD82182FAE7002BBCE1 /* GasStationSearchModel.swift in Sources */,
				55CB1F57218868280048EC67 /* DiscountCreditCardSettingController.swift in Sources */,
				556C750C2171ED0C00A3D9C2 /* AvgAllPriceViewCell.swift in Sources */,
				551073C3218ABB52007B0F96 /* SearchByNameController.swift in Sources */,
				55CB1F4D218850780048EC67 /* AdministrativeDistrictAvgOilPriceViewController.swift in Sources */,
				556711C8216499A6009B4C52 /* AddressSearchViewController.swift in Sources */,
				556711D321649D54009B4C52 /* UIColor+Theme.swift in Sources */,
				B582A40C2194526600C097FE /* AroundAll.swift in Sources */,
				556711CC21649A03009B4C52 /* GasStationListViewController.swift in Sources */,
				556711C621649931009B4C52 /* SettingDetailViewController.swift in Sources */,
				55CB1F532188678A0048EC67 /* BrandSettingController.swift in Sources */,
				5591B09B216750E3007BCCD2 /* Constants.swift in Sources */,
				556C75082171D86200A3D9C2 /* AvgAllPriceHeaderView.swift in Sources */,
				553340EF2178CC0B0056B54D /* AvgSidoPrice.swift in Sources */,
				55CB1F4B218842300048EC67 /* AvgSidoPriceApi.swift in Sources */,
				553D4703216E179C00CA4B2E /* AvgAllPrice.swift in Sources */,
				B582A40E2194594300C097FE /* AroundAllApi.swift in Sources */,
				556C750A2171ECCC00A3D9C2 /* AvgAllPriceViewController.swift in Sources */,
				556711C2216495FC009B4C52 /* SearchViewController.swift in Sources */,
				550EAFD42182E151002BBCE1 /* UIView+Extensions.swift in Sources */,
				55CB1F55218867D20048EC67 /* SearchRangeSettingController.swift in Sources */,
				B582A40A21942C9F00C097FE /* Log.swift in Sources */,
				55A1EA222166289F005D6852 /* BottomBarView.swift in Sources */,
				550EAFD62182E6EF002BBCE1 /* GasStationSearchSettingCell.swift in Sources */,
				556711D021649A92009B4C52 /* BookmarkViewController.swift in Sources */,
				55A1EA2621664861005D6852 /* SearchViewCell.swift in Sources */,
				556711CA216499D1009B4C52 /* HighwaySearchViewController.swift in Sources */,
				556711AF21648F97009B4C52 /* MainViewController.swift in Sources */,
				551073C5218ABD32007B0F96 /* SearchByNameApi.swift in Sources */,
				55AC7E482186EC2200E59A4A /* AddressCell.swift in Sources */,
				5525605D21842DB400BEC674 /* AreaCode.swift in Sources */,
				5591B09E2167568E007BCCD2 /* FeedParser.swift in Sources */,
				556711AD21648F97009B4C52 /* AppDelegate.swift in Sources */,
				55CB1F51218867070048EC67 /* OilTypeSettingController.swift in Sources */,
				55CB1F4F218865680048EC67 /* GasStationTypeController.swift in Sources */,
				556711C421649644009B4C52 /* SettingsViewController.swift in Sources */,
				55CB1F592188738A0048EC67 /* AreaCodeApi.swift in Sources */,
				551073C1218A97FD007B0F96 /* SearchByName.swift in Sources */,
				556711CE21649A4A009B4C52 /* GasStationDetailViewController.swift in Sources */,
				55AC7E4B2187037800E59A4A /* AvgAllPriceApi.swift in Sources */,
			);
			runOnlyForDeploymentPostprocessing = 0;
		};
/* End PBXSourcesBuildPhase section */

/* Begin PBXVariantGroup section */
		556711B021648F97009B4C52 /* Main.storyboard */ = {
			isa = PBXVariantGroup;
			children = (
				556711B121648F97009B4C52 /* Base */,
			);
			name = Main.storyboard;
			sourceTree = "<group>";
		};
		556711B521648F99009B4C52 /* LaunchScreen.storyboard */ = {
			isa = PBXVariantGroup;
			children = (
				556711B621648F99009B4C52 /* Base */,
			);
			name = LaunchScreen.storyboard;
			sourceTree = "<group>";
		};
/* End PBXVariantGroup section */

/* Begin XCBuildConfiguration section */
		556711B921648F99009B4C52 /* Debug */ = {
			isa = XCBuildConfiguration;
			buildSettings = {
				ALWAYS_SEARCH_USER_PATHS = NO;
				CLANG_ANALYZER_NONNULL = YES;
				CLANG_ANALYZER_NUMBER_OBJECT_CONVERSION = YES_AGGRESSIVE;
				CLANG_CXX_LANGUAGE_STANDARD = "gnu++14";
				CLANG_CXX_LIBRARY = "libc++";
				CLANG_ENABLE_MODULES = YES;
				CLANG_ENABLE_OBJC_ARC = YES;
				CLANG_ENABLE_OBJC_WEAK = YES;
				CLANG_WARN_BLOCK_CAPTURE_AUTORELEASING = YES;
				CLANG_WARN_BOOL_CONVERSION = YES;
				CLANG_WARN_COMMA = YES;
				CLANG_WARN_CONSTANT_CONVERSION = YES;
				CLANG_WARN_DEPRECATED_OBJC_IMPLEMENTATIONS = YES;
				CLANG_WARN_DIRECT_OBJC_ISA_USAGE = YES_ERROR;
				CLANG_WARN_DOCUMENTATION_COMMENTS = YES;
				CLANG_WARN_EMPTY_BODY = YES;
				CLANG_WARN_ENUM_CONVERSION = YES;
				CLANG_WARN_INFINITE_RECURSION = YES;
				CLANG_WARN_INT_CONVERSION = YES;
				CLANG_WARN_NON_LITERAL_NULL_CONVERSION = YES;
				CLANG_WARN_OBJC_IMPLICIT_RETAIN_SELF = YES;
				CLANG_WARN_OBJC_LITERAL_CONVERSION = YES;
				CLANG_WARN_OBJC_ROOT_CLASS = YES_ERROR;
				CLANG_WARN_RANGE_LOOP_ANALYSIS = YES;
				CLANG_WARN_STRICT_PROTOTYPES = YES;
				CLANG_WARN_SUSPICIOUS_MOVE = YES;
				CLANG_WARN_UNGUARDED_AVAILABILITY = YES_AGGRESSIVE;
				CLANG_WARN_UNREACHABLE_CODE = YES;
				CLANG_WARN__DUPLICATE_METHOD_MATCH = YES;
				CODE_SIGN_IDENTITY = "iPhone Developer";
				COPY_PHASE_STRIP = NO;
				DEBUG_INFORMATION_FORMAT = dwarf;
				ENABLE_STRICT_OBJC_MSGSEND = YES;
				ENABLE_TESTABILITY = YES;
				GCC_C_LANGUAGE_STANDARD = gnu11;
				GCC_DYNAMIC_NO_PIC = NO;
				GCC_NO_COMMON_BLOCKS = YES;
				GCC_OPTIMIZATION_LEVEL = 0;
				GCC_PREPROCESSOR_DEFINITIONS = (
					"DEBUG=1",
					"$(inherited)",
				);
				GCC_WARN_64_TO_32_BIT_CONVERSION = YES;
				GCC_WARN_ABOUT_RETURN_TYPE = YES_ERROR;
				GCC_WARN_UNDECLARED_SELECTOR = YES;
				GCC_WARN_UNINITIALIZED_AUTOS = YES_AGGRESSIVE;
				GCC_WARN_UNUSED_FUNCTION = YES;
				GCC_WARN_UNUSED_VARIABLE = YES;
				IPHONEOS_DEPLOYMENT_TARGET = 12.0;
				MTL_ENABLE_DEBUG_INFO = INCLUDE_SOURCE;
				MTL_FAST_MATH = YES;
				ONLY_ACTIVE_ARCH = YES;
				SDKROOT = iphoneos;
				SWIFT_ACTIVE_COMPILATION_CONDITIONS = DEBUG;
				SWIFT_OPTIMIZATION_LEVEL = "-Onone";
			};
			name = Debug;
		};
		556711BA21648F99009B4C52 /* Release */ = {
			isa = XCBuildConfiguration;
			buildSettings = {
				ALWAYS_SEARCH_USER_PATHS = NO;
				CLANG_ANALYZER_NONNULL = YES;
				CLANG_ANALYZER_NUMBER_OBJECT_CONVERSION = YES_AGGRESSIVE;
				CLANG_CXX_LANGUAGE_STANDARD = "gnu++14";
				CLANG_CXX_LIBRARY = "libc++";
				CLANG_ENABLE_MODULES = YES;
				CLANG_ENABLE_OBJC_ARC = YES;
				CLANG_ENABLE_OBJC_WEAK = YES;
				CLANG_WARN_BLOCK_CAPTURE_AUTORELEASING = YES;
				CLANG_WARN_BOOL_CONVERSION = YES;
				CLANG_WARN_COMMA = YES;
				CLANG_WARN_CONSTANT_CONVERSION = YES;
				CLANG_WARN_DEPRECATED_OBJC_IMPLEMENTATIONS = YES;
				CLANG_WARN_DIRECT_OBJC_ISA_USAGE = YES_ERROR;
				CLANG_WARN_DOCUMENTATION_COMMENTS = YES;
				CLANG_WARN_EMPTY_BODY = YES;
				CLANG_WARN_ENUM_CONVERSION = YES;
				CLANG_WARN_INFINITE_RECURSION = YES;
				CLANG_WARN_INT_CONVERSION = YES;
				CLANG_WARN_NON_LITERAL_NULL_CONVERSION = YES;
				CLANG_WARN_OBJC_IMPLICIT_RETAIN_SELF = YES;
				CLANG_WARN_OBJC_LITERAL_CONVERSION = YES;
				CLANG_WARN_OBJC_ROOT_CLASS = YES_ERROR;
				CLANG_WARN_RANGE_LOOP_ANALYSIS = YES;
				CLANG_WARN_STRICT_PROTOTYPES = YES;
				CLANG_WARN_SUSPICIOUS_MOVE = YES;
				CLANG_WARN_UNGUARDED_AVAILABILITY = YES_AGGRESSIVE;
				CLANG_WARN_UNREACHABLE_CODE = YES;
				CLANG_WARN__DUPLICATE_METHOD_MATCH = YES;
				CODE_SIGN_IDENTITY = "iPhone Developer";
				COPY_PHASE_STRIP = NO;
				DEBUG_INFORMATION_FORMAT = "dwarf-with-dsym";
				ENABLE_NS_ASSERTIONS = NO;
				ENABLE_STRICT_OBJC_MSGSEND = YES;
				GCC_C_LANGUAGE_STANDARD = gnu11;
				GCC_NO_COMMON_BLOCKS = YES;
				GCC_WARN_64_TO_32_BIT_CONVERSION = YES;
				GCC_WARN_ABOUT_RETURN_TYPE = YES_ERROR;
				GCC_WARN_UNDECLARED_SELECTOR = YES;
				GCC_WARN_UNINITIALIZED_AUTOS = YES_AGGRESSIVE;
				GCC_WARN_UNUSED_FUNCTION = YES;
				GCC_WARN_UNUSED_VARIABLE = YES;
				IPHONEOS_DEPLOYMENT_TARGET = 12.0;
				MTL_ENABLE_DEBUG_INFO = NO;
				MTL_FAST_MATH = YES;
				SDKROOT = iphoneos;
				SWIFT_COMPILATION_MODE = wholemodule;
				SWIFT_OPTIMIZATION_LEVEL = "-O";
				VALIDATE_PRODUCT = YES;
			};
			name = Release;
		};
		556711BC21648F99009B4C52 /* Debug */ = {
			isa = XCBuildConfiguration;
			baseConfigurationReference = BFE025BE57494870492DC777 /* Pods-OilDreamTest.debug.xcconfig */;
			buildSettings = {
				ASSETCATALOG_COMPILER_APPICON_NAME = AppIcon;
				CODE_SIGN_STYLE = Automatic;
				DEVELOPMENT_TEAM = 4Z6U9FKXA9;
				INFOPLIST_FILE = OilDreamTest/Info.plist;
				LD_RUNPATH_SEARCH_PATHS = (
					"$(inherited)",
					"@executable_path/Frameworks",
				);
				PRODUCT_BUNDLE_IDENTIFIER = com.mobileandsmile.OilDreamTest;
				PRODUCT_NAME = "$(TARGET_NAME)";
				SWIFT_VERSION = 4.2;
				TARGETED_DEVICE_FAMILY = "1,2";
			};
			name = Debug;
		};
		556711BD21648F99009B4C52 /* Release */ = {
			isa = XCBuildConfiguration;
			baseConfigurationReference = BC1C3E5E3D1FF4F012720258 /* Pods-OilDreamTest.release.xcconfig */;
			buildSettings = {
				ASSETCATALOG_COMPILER_APPICON_NAME = AppIcon;
				CODE_SIGN_STYLE = Automatic;
				DEVELOPMENT_TEAM = 4Z6U9FKXA9;
				INFOPLIST_FILE = OilDreamTest/Info.plist;
				LD_RUNPATH_SEARCH_PATHS = (
					"$(inherited)",
					"@executable_path/Frameworks",
				);
				PRODUCT_BUNDLE_IDENTIFIER = com.mobileandsmile.OilDreamTest;
				PRODUCT_NAME = "$(TARGET_NAME)";
				SWIFT_VERSION = 4.2;
				TARGETED_DEVICE_FAMILY = "1,2";
			};
			name = Release;
		};
/* End XCBuildConfiguration section */

/* Begin XCConfigurationList section */
		556711A421648F97009B4C52 /* Build configuration list for PBXProject "OilDreamTest" */ = {
			isa = XCConfigurationList;
			buildConfigurations = (
				556711B921648F99009B4C52 /* Debug */,
				556711BA21648F99009B4C52 /* Release */,
			);
			defaultConfigurationIsVisible = 0;
			defaultConfigurationName = Release;
		};
		556711BB21648F99009B4C52 /* Build configuration list for PBXNativeTarget "OilDreamTest" */ = {
			isa = XCConfigurationList;
			buildConfigurations = (
				556711BC21648F99009B4C52 /* Debug */,
				556711BD21648F99009B4C52 /* Release */,
			);
			defaultConfigurationIsVisible = 0;
			defaultConfigurationName = Release;
		};
/* End XCConfigurationList section */
	};
	rootObject = 556711A121648F97009B4C52 /* Project object */;
}
